
Microsoft Visual Studio Solution File, Format Version 12.00
# Visual Studio Version 17
VisualStudioVersion = 17.4.33110.190
MinimumVisualStudioVersion = 10.0.40219.1
Project("{FAE04EC0-301F-11D3-BF4B-00C04F79EFBC}") = "Gallery", "Gallery\Gallery.csproj", "{B1061104-813F-47ED-8500-AF8EF4BEBE23}"
EndProject
Global
	GlobalSection(SolutionConfigurationPlatforms) = preSolution
		Debug|Any CPU = Debug|Any CPU
		Release|Any CPU = Release|Any CPU
	EndGlobalSection
	GlobalSection(ProjectConfigurationPlatforms) = postSolution
		{B1061104-813F-47ED-8500-AF8EF4BEBE23}.Debug|Any CPU.ActiveCfg = Debug|Any CPU
		{B1061104-813F-47ED-8500-AF8EF4BEBE23}.Debug|Any CPU.Build.0 = Debug|Any CPU
		{B1061104-813F-47ED-8500-AF8EF4BEBE23}.Release|Any CPU.ActiveCfg = Release|Any CPU
		{B1061104-813F-47ED-8500-AF8EF4BEBE23}.Release|Any CPU.Build.0 = Release|Any CPU
	EndGlobalSection
	GlobalSection(SolutionProperties) = preSolution
		HideSolutionNode = FALSE
	EndGlobalSection
	GlobalSection(ExtensibilityGlobals) = postSolution
		SolutionGuid = {DE4E24BF-E13A-4CD8-BE5F-F56F66EDF5A2}
	EndGlobalSection
EndGlobal
