
Microsoft Visual Studio Solution File, Format Version 12.00
# Visual Studio Version 17
VisualStudioVersion = 17.4.33110.190
MinimumVisualStudioVersion = 10.0.40219.1
Project("{FAE04EC0-301F-11D3-BF4B-00C04F79EFBC}") = "egzamin_app", "egzamin_app\egzamin_app.csproj", "{BDB56308-CC86-45FE-AE57-9E4D9423A153}"
EndProject
Global
	GlobalSection(SolutionConfigurationPlatforms) = preSolution
		Debug|Any CPU = Debug|Any CPU
		Release|Any CPU = Release|Any CPU
	EndGlobalSection
	GlobalSection(ProjectConfigurationPlatforms) = postSolution
		{BDB56308-CC86-45FE-AE57-9E4D9423A153}.Debug|Any CPU.ActiveCfg = Debug|Any CPU
		{BDB56308-CC86-45FE-AE57-9E4D9423A153}.Debug|Any CPU.Build.0 = Debug|Any CPU
		{BDB56308-CC86-45FE-AE57-9E4D9423A153}.Release|Any CPU.ActiveCfg = Release|Any CPU
		{BDB56308-CC86-45FE-AE57-9E4D9423A153}.Release|Any CPU.Build.0 = Release|Any CPU
	EndGlobalSection
	GlobalSection(SolutionProperties) = preSolution
		HideSolutionNode = FALSE
	EndGlobalSection
	GlobalSection(ExtensibilityGlobals) = postSolution
		SolutionGuid = {17C0058C-6A4F-4AD6-8307-5340265BDA99}
	EndGlobalSection
EndGlobal
